// !$*UTF8*$!
{
	archiveVersion = 1;
	classes = {
	};
	objectVersion = 46;
	objects = {

/* Begin PBXBuildFile section */
		8C8929201950B642009520F3 /* Foundation.framework in Frameworks */ = {isa = PBXBuildFile; fileRef = 8C89291F1950B642009520F3 /* Foundation.framework */; };
		8C8929221950B642009520F3 /* CoreGraphics.framework in Frameworks */ = {isa = PBXBuildFile; fileRef = 8C8929211950B642009520F3 /* CoreGraphics.framework */; };
		8C8929241950B642009520F3 /* UIKit.framework in Frameworks */ = {isa = PBXBuildFile; fileRef = 8C8929231950B642009520F3 /* UIKit.framework */; };
		8C89292A1950B642009520F3 /* InfoPlist.strings in Resources */ = {isa = PBXBuildFile; fileRef = 8C8929281950B642009520F3 /* InfoPlist.strings */; };
		8C89292C1950B642009520F3 /* main.m in Sources */ = {isa = PBXBuildFile; fileRef = 8C89292B1950B642009520F3 /* main.m */; };
		8C8929301950B642009520F3 /* RMMAppDelegate.m in Sources */ = {isa = PBXBuildFile; fileRef = 8C89292F1950B642009520F3 /* RMMAppDelegate.m */; };
		8C8929331950B642009520F3 /* Main.storyboard in Resources */ = {isa = PBXBuildFile; fileRef = 8C8929311950B642009520F3 /* Main.storyboard */; };
		8C8929361950B642009520F3 /* RMMViewController.m in Sources */ = {isa = PBXBuildFile; fileRef = 8C8929351950B642009520F3 /* RMMViewController.m */; };
		8C8929381950B642009520F3 /* Images.xcassets in Resources */ = {isa = PBXBuildFile; fileRef = 8C8929371950B642009520F3 /* Images.xcassets */; };
		8C89293F1950B642009520F3 /* XCTest.framework in Frameworks */ = {isa = PBXBuildFile; fileRef = 8C89293E1950B642009520F3 /* XCTest.framework */; };
		8C8929401950B642009520F3 /* Foundation.framework in Frameworks */ = {isa = PBXBuildFile; fileRef = 8C89291F1950B642009520F3 /* Foundation.framework */; };
		8C8929411950B642009520F3 /* UIKit.framework in Frameworks */ = {isa = PBXBuildFile; fileRef = 8C8929231950B642009520F3 /* UIKit.framework */; };
		8C8929491950B642009520F3 /* InfoPlist.strings in Resources */ = {isa = PBXBuildFile; fileRef = 8C8929471950B642009520F3 /* InfoPlist.strings */; };
		8C89294B1950B642009520F3 /* MoviePlayTests.m in Sources */ = {isa = PBXBuildFile; fileRef = 8C89294A1950B642009520F3 /* MoviePlayTests.m */; };
/* End PBXBuildFile section */

/* Begin PBXContainerItemProxy section */
		8C8929421950B642009520F3 /* PBXContainerItemProxy */ = {
			isa = PBXContainerItemProxy;
			containerPortal = 8C8929141950B642009520F3 /* Project object */;
			proxyType = 1;
			remoteGlobalIDString = 8C89291B1950B642009520F3;
			remoteInfo = MoviePlay;
		};
/* End PBXContainerItemProxy section */

/* Begin PBXFileReference section */
		8C89291C1950B642009520F3 /* MoviePlay.app */ = {isa = PBXFileReference; explicitFileType = wrapper.application; includeInIndex = 0; path = MoviePlay.app; sourceTree = BUILT_PRODUCTS_DIR; };
		8C89291F1950B642009520F3 /* Foundation.framework */ = {isa = PBXFileReference; lastKnownFileType = wrapper.framework; name = Foundation.framework; path = System/Library/Frameworks/Foundation.framework; sourceTree = SDKROOT; };
		8C8929211950B642009520F3 /* CoreGraphics.framework */ = {isa = PBXFileReference; lastKnownFileType = wrapper.framework; name = CoreGraphics.framework; path = System/Library/Frameworks/CoreGraphics.framework; sourceTree = SDKROOT; };
		8C8929231950B642009520F3 /* UIKit.framework */ = {isa = PBXFileReference; lastKnownFileType = wrapper.framework; name = UIKit.framework; path = System/Library/Frameworks/UIKit.framework; sourceTree = SDKROOT; };
		8C8929271950B642009520F3 /* MoviePlay-Info.plist */ = {isa = PBXFileReference; lastKnownFileType = text.plist.xml; path = "MoviePlay-Info.plist"; sourceTree = "<group>"; };
		8C8929291950B642009520F3 /* en */ = {isa = PBXFileReference; lastKnownFileType = text.plist.strings; name = en; path = en.lproj/InfoPlist.strings; sourceTree = "<group>"; };
		8C89292B1950B642009520F3 /* main.m */ = {isa = PBXFileReference; lastKnownFileType = sourcecode.c.objc; path = main.m; sourceTree = "<group>"; };
		8C89292D1950B642009520F3 /* MoviePlay-Prefix.pch */ = {isa = PBXFileReference; lastKnownFileType = sourcecode.c.h; path = "MoviePlay-Prefix.pch"; sourceTree = "<group>"; };
		8C89292E1950B642009520F3 /* RMMAppDelegate.h */ = {isa = PBXFileReference; lastKnownFileType = sourcecode.c.h; path = RMMAppDelegate.h; sourceTree = "<group>"; };
		8C89292F1950B642009520F3 /* RMMAppDelegate.m */ = {isa = PBXFileReference; lastKnownFileType = sourcecode.c.objc; path = RMMAppDelegate.m; sourceTree = "<group>"; };
		8C8929321950B642009520F3 /* Base */ = {isa = PBXFileReference; lastKnownFileType = file.storyboard; name = Base; path = Base.lproj/Main.storyboard; sourceTree = "<group>"; };
		8C8929341950B642009520F3 /* RMMViewController.h */ = {isa = PBXFileReference; lastKnownFileType = sourcecode.c.h; path = RMMViewController.h; sourceTree = "<group>"; };
		8C8929351950B642009520F3 /* RMMViewController.m */ = {isa = PBXFileReference; lastKnownFileType = sourcecode.c.objc; path = RMMViewController.m; sourceTree = "<group>"; };
		8C8929371950B642009520F3 /* Images.xcassets */ = {isa = PBXFileReference; lastKnownFileType = folder.assetcatalog; path = Images.xcassets; sourceTree = "<group>"; };
		8C89293D1950B642009520F3 /* MoviePlayTests.xctest */ = {isa = PBXFileReference; explicitFileType = wrapper.cfbundle; includeInIndex = 0; path = MoviePlayTests.xctest; sourceTree = BUILT_PRODUCTS_DIR; };
		8C89293E1950B642009520F3 /* XCTest.framework */ = {isa = PBXFileReference; lastKnownFileType = wrapper.framework; name = XCTest.framework; path = Library/Frameworks/XCTest.framework; sourceTree = DEVELOPER_DIR; };
		8C8929461950B642009520F3 /* MoviePlayTests-Info.plist */ = {isa = PBXFileReference; lastKnownFileType = text.plist.xml; path = "MoviePlayTests-Info.plist"; sourceTree = "<group>"; };
		8C8929481950B642009520F3 /* en */ = {isa = PBXFileReference; lastKnownFileType = text.plist.strings; name = en; path = en.lproj/InfoPlist.strings; sourceTree = "<group>"; };
		8C89294A1950B642009520F3 /* MoviePlayTests.m */ = {isa = PBXFileReference; lastKnownFileType = sourcecode.c.objc; path = MoviePlayTests.m; sourceTree = "<group>"; };
/* End PBXFileReference section */

/* Begin PBXFrameworksBuildPhase section */
		8C8929191950B642009520F3 /* Frameworks */ = {
			isa = PBXFrameworksBuildPhase;
			buildActionMask = 2147483647;
			files = (
				8C8929221950B642009520F3 /* CoreGraphics.framework in Frameworks */,
				8C8929241950B642009520F3 /* UIKit.framework in Frameworks */,
				8C8929201950B642009520F3 /* Foundation.framework in Frameworks */,
			);
			runOnlyForDeploymentPostprocessing = 0;
		};
		8C89293A1950B642009520F3 /* Frameworks */ = {
			isa = PBXFrameworksBuildPhase;
			buildActionMask = 2147483647;
			files = (
				8C89293F1950B642009520F3 /* XCTest.framework in Frameworks */,
				8C8929411950B642009520F3 /* UIKit.framework in Frameworks */,
				8C8929401950B642009520F3 /* Foundation.framework in Frameworks */,
			);
			runOnlyForDeploymentPostprocessing = 0;
		};
/* End PBXFrameworksBuildPhase section */

/* Begin PBXGroup section */
		8C8929131950B642009520F3 = {
			isa = PBXGroup;
			children = (
				8C8929251950B642009520F3 /* MoviePlay */,
				8C8929441950B642009520F3 /* MoviePlayTests */,
				8C89291E1950B642009520F3 /* Frameworks */,
				8C89291D1950B642009520F3 /* Products */,
			);
			sourceTree = "<group>";
		};
		8C89291D1950B642009520F3 /* Products */ = {
			isa = PBXGroup;
			children = (
				8C89291C1950B642009520F3 /* MoviePlay.app */,
				8C89293D1950B642009520F3 /* MoviePlayTests.xctest */,
			);
			name = Products;
			sourceTree = "<group>";
		};
		8C89291E1950B642009520F3 /* Frameworks */ = {
			isa = PBXGroup;
			children = (
				8C89291F1950B642009520F3 /* Foundation.framework */,
				8C8929211950B642009520F3 /* CoreGraphics.framework */,
				8C8929231950B642009520F3 /* UIKit.framework */,
				8C89293E1950B642009520F3 /* XCTest.framework */,
			);
			name = Frameworks;
			sourceTree = "<group>";
		};
		8C8929251950B642009520F3 /* MoviePlay */ = {
			isa = PBXGroup;
			children = (
				8C89292E1950B642009520F3 /* RMMAppDelegate.h */,
				8C89292F1950B642009520F3 /* RMMAppDelegate.m */,
				8C8929311950B642009520F3 /* Main.storyboard */,
				8C8929341950B642009520F3 /* RMMViewController.h */,
				8C8929351950B642009520F3 /* RMMViewController.m */,
				8C8929371950B642009520F3 /* Images.xcassets */,
				8C8929261950B642009520F3 /* Supporting Files */,
			);
			path = MoviePlay;
			sourceTree = "<group>";
		};
		8C8929261950B642009520F3 /* Supporting Files */ = {
			isa = PBXGroup;
			children = (
				8C8929271950B642009520F3 /* MoviePlay-Info.plist */,
				8C8929281950B642009520F3 /* InfoPlist.strings */,
				8C89292B1950B642009520F3 /* main.m */,
				8C89292D1950B642009520F3 /* MoviePlay-Prefix.pch */,
			);
			name = "Supporting Files";
			sourceTree = "<group>";
		};
		8C8929441950B642009520F3 /* MoviePlayTests */ = {
			isa = PBXGroup;
			children = (
				8C89294A1950B642009520F3 /* MoviePlayTests.m */,
				8C8929451950B642009520F3 /* Supporting Files */,
			);
			path = MoviePlayTests;
			sourceTree = "<group>";
		};
		8C8929451950B642009520F3 /* Supporting Files */ = {
			isa = PBXGroup;
			children = (
				8C8929461950B642009520F3 /* MoviePlayTests-Info.plist */,
				8C8929471950B642009520F3 /* InfoPlist.strings */,
			);
			name = "Supporting Files";
			sourceTree = "<group>";
		};
/* End PBXGroup section */

/* Begin PBXNativeTarget section */
		8C89291B1950B642009520F3 /* MoviePlay */ = {
			isa = PBXNativeTarget;
			buildConfigurationList = 8C89294E1950B642009520F3 /* Build configuration list for PBXNativeTarget "MoviePlay" */;
			buildPhases = (
				8C8929181950B642009520F3 /* Sources */,
				8C8929191950B642009520F3 /* Frameworks */,
				8C89291A1950B642009520F3 /* Resources */,
			);
			buildRules = (
			);
			dependencies = (
			);
			name = MoviePlay;
			productName = MoviePlay;
			productReference = 8C89291C1950B642009520F3 /* MoviePlay.app */;
			productType = "com.apple.product-type.application";
		};
		8C89293C1950B642009520F3 /* MoviePlayTests */ = {
			isa = PBXNativeTarget;
			buildConfigurationList = 8C8929511950B642009520F3 /* Build configuration list for PBXNativeTarget "MoviePlayTests" */;
			buildPhases = (
				8C8929391950B642009520F3 /* Sources */,
				8C89293A1950B642009520F3 /* Frameworks */,
				8C89293B1950B642009520F3 /* Resources */,
			);
			buildRules = (
			);
			dependencies = (
				8C8929431950B642009520F3 /* PBXTargetDependency */,
			);
			name = MoviePlayTests;
			productName = MoviePlayTests;
			productReference = 8C89293D1950B642009520F3 /* MoviePlayTests.xctest */;
			productType = "com.apple.product-type.bundle.unit-test";
		};
/* End PBXNativeTarget section */

/* Begin PBXProject section */
		8C8929141950B642009520F3 /* Project object */ = {
			isa = PBXProject;
			attributes = {
				CLASSPREFIX = RMM;
				LastUpgradeCheck = 0510;
				ORGANIZATIONNAME = Molestudio;
				TargetAttributes = {
					8C89293C1950B642009520F3 = {
						TestTargetID = 8C89291B1950B642009520F3;
					};
				};
			};
			buildConfigurationList = 8C8929171950B642009520F3 /* Build configuration list for PBXProject "MoviePlay" */;
			compatibilityVersion = "Xcode 3.2";
			developmentRegion = English;
			hasScannedForEncodings = 0;
			knownRegions = (
				en,
				Base,
			);
			mainGroup = 8C8929131950B642009520F3;
			productRefGroup = 8C89291D1950B642009520F3 /* Products */;
			projectDirPath = "";
			projectRoot = "";
			targets = (
				8C89291B1950B642009520F3 /* MoviePlay */,
				8C89293C1950B642009520F3 /* MoviePlayTests */,
			);
		};
/* End PBXProject section */

/* Begin PBXResourcesBuildPhase section */
		8C89291A1950B642009520F3 /* Resources */ = {
			isa = PBXResourcesBuildPhase;
			buildActionMask = 2147483647;
			files = (
				8C8929381950B642009520F3 /* Images.xcassets in Resources */,
				8C89292A1950B642009520F3 /* InfoPlist.strings in Resources */,
				8C8929331950B642009520F3 /* Main.storyboard in Resources */,
			);
			runOnlyForDeploymentPostprocessing = 0;
		};
		8C89293B1950B642009520F3 /* Resources */ = {
			isa = PBXResourcesBuildPhase;
			buildActionMask = 2147483647;
			files = (
				8C8929491950B642009520F3 /* InfoPlist.strings in Resources */,
			);
			runOnlyForDeploymentPostprocessing = 0;
		};
/* End PBXResourcesBuildPhase section */

/* Begin PBXSourcesBuildPhase section */
		8C8929181950B642009520F3 /* Sources */ = {
			isa = PBXSourcesBuildPhase;
			buildActionMask = 2147483647;
			files = (
				8C89292C1950B642009520F3 /* main.m in Sources */,
				8C8929361950B642009520F3 /* RMMViewController.m in Sources */,
				8C8929301950B642009520F3 /* RMMAppDelegate.m in Sources */,
			);
			runOnlyForDeploymentPostprocessing = 0;
		};
		8C8929391950B642009520F3 /* Sources */ = {
			isa = PBXSourcesBuildPhase;
			buildActionMask = 2147483647;
			files = (
				8C89294B1950B642009520F3 /* MoviePlayTests.m in Sources */,
			);
			runOnlyForDeploymentPostprocessing = 0;
		};
/* End PBXSourcesBuildPhase section */

/* Begin PBXTargetDependency section */
		8C8929431950B642009520F3 /* PBXTargetDependency */ = {
			isa = PBXTargetDependency;
			target = 8C89291B1950B642009520F3 /* MoviePlay */;
			targetProxy = 8C8929421950B642009520F3 /* PBXContainerItemProxy */;
		};
/* End PBXTargetDependency section */

/* Begin PBXVariantGroup section */
		8C8929281950B642009520F3 /* InfoPlist.strings */ = {
			isa = PBXVariantGroup;
			children = (
				8C8929291950B642009520F3 /* en */,
			);
			name = InfoPlist.strings;
			sourceTree = "<group>";
		};
		8C8929311950B642009520F3 /* Main.storyboard */ = {
			isa = PBXVariantGroup;
			children = (
				8C8929321950B642009520F3 /* Base */,
			);
			name = Main.storyboard;
			sourceTree = "<group>";
		};
		8C8929471950B642009520F3 /* InfoPlist.strings */ = {
			isa = PBXVariantGroup;
			children = (
				8C8929481950B642009520F3 /* en */,
			);
			name = InfoPlist.strings;
			sourceTree = "<group>";
		};
/* End PBXVariantGroup section */

/* Begin XCBuildConfiguration section */
		8C89294C1950B642009520F3 /* Debug */ = {
			isa = XCBuildConfiguration;
			buildSettings = {
				ALWAYS_SEARCH_USER_PATHS = NO;
				CLANG_CXX_LANGUAGE_STANDARD = "gnu++0x";
				CLANG_CXX_LIBRARY = "libc++";
				CLANG_ENABLE_MODULES = YES;
				CLANG_ENABLE_OBJC_ARC = YES;
				CLANG_WARN_BOOL_CONVERSION = YES;
				CLANG_WARN_CONSTANT_CONVERSION = YES;
				CLANG_WARN_DIRECT_OBJC_ISA_USAGE = YES_ERROR;
				CLANG_WARN_EMPTY_BODY = YES;
				CLANG_WARN_ENUM_CONVERSION = YES;
				CLANG_WARN_INT_CONVERSION = YES;
				CLANG_WARN_OBJC_ROOT_CLASS = YES_ERROR;
				CLANG_WARN__DUPLICATE_METHOD_MATCH = YES;
				"CODE_SIGN_IDENTITY[sdk=iphoneos*]" = "iPhone Developer";
				COPY_PHASE_STRIP = NO;
				GCC_C_LANGUAGE_STANDARD = gnu99;
				GCC_DYNAMIC_NO_PIC = NO;
				GCC_OPTIMIZATION_LEVEL = 0;
				GCC_PREPROCESSOR_DEFINITIONS = (
					"DEBUG=1",
					"$(inherited)",
				);
				GCC_SYMBOLS_PRIVATE_EXTERN = NO;
				GCC_WARN_64_TO_32_BIT_CONVERSION = YES;
				GCC_WARN_ABOUT_RETURN_TYPE = YES_ERROR;
				GCC_WARN_UNDECLARED_SELECTOR = YES;
				GCC_WARN_UNINITIALIZED_AUTOS = YES_AGGRESSIVE;
				GCC_WARN_UNUSED_FUNCTION = YES;
				GCC_WARN_UNUSED_VARIABLE = YES;
				IPHONEOS_DEPLOYMENT_TARGET = 7.1;
				ONLY_ACTIVE_ARCH = YES;
				SDKROOT = iphoneos;
			};
			name = Debug;
		};
		8C89294D1950B642009520F3 /* Release */ = {
			isa = XCBuildConfiguration;
			buildSettings = {
				ALWAYS_SEARCH_USER_PATHS = NO;
				CLANG_CXX_LANGUAGE_STANDARD = "gnu++0x";
				CLANG_CXX_LIBRARY = "libc++";
				CLANG_ENABLE_MODULES = YES;
				CLANG_ENABLE_OBJC_ARC = YES;
				CLANG_WARN_BOOL_CONVERSION = YES;
				CLANG_WARN_CONSTANT_CONVERSION = YES;
				CLANG_WARN_DIRECT_OBJC_ISA_USAGE = YES_ERROR;
				CLANG_WARN_EMPTY_BODY = YES;
				CLANG_WARN_ENUM_CONVERSION = YES;
				CLANG_WARN_INT_CONVERSION = YES;
				CLANG_WARN_OBJC_ROOT_CLASS = YES_ERROR;
				CLANG_WARN__DUPLICATE_METHOD_MATCH = YES;
				"CODE_SIGN_IDENTITY[sdk=iphoneos*]" = "iPhone Developer";
				COPY_PHASE_STRIP = YES;
				ENABLE_NS_ASSERTIONS = NO;
				GCC_C_LANGUAGE_STANDARD = gnu99;
				GCC_WARN_64_TO_32_BIT_CONVERSION = YES;
				GCC_WARN_ABOUT_RETURN_TYPE = YES_ERROR;
				GCC_WARN_UNDECLARED_SELECTOR = YES;
				GCC_WARN_UNINITIALIZED_AUTOS = YES_AGGRESSIVE;
				GCC_WARN_UNUSED_FUNCTION = YES;
				GCC_WARN_UNUSED_VARIABLE = YES;
				IPHONEOS_DEPLOYMENT_TARGET = 7.1;
				SDKROOT = iphoneos;
				VALIDATE_PRODUCT = YES;
			};
			name = Release;
		};
		8C89294F1950B642009520F3 /* Debug */ = {
			isa = XCBuildConfiguration;
			buildSettings = {
				ASSETCATALOG_COMPILER_APPICON_NAME = AppIcon;
				ASSETCATALOG_COMPILER_LAUNCHIMAGE_NAME = LaunchImage;
				GCC_PRECOMPILE_PREFIX_HEADER = YES;
				GCC_PREFIX_HEADER = "MoviePlay/MoviePlay-Prefix.pch";
				INFOPLIST_FILE = "MoviePlay/MoviePlay-Info.plist";
				PRODUCT_NAME = "$(TARGET_NAME)";
				WRAPPER_EXTENSION = app;
			};
			name = Debug;
		};
		8C8929501950B642009520F3 /* Release */ = {
			isa = XCBuildConfiguration;
			buildSettings = {
				ASSETCATALOG_COMPILER_APPICON_NAME = AppIcon;
				ASSETCATALOG_COMPILER_LAUNCHIMAGE_NAME = LaunchImage;
				GCC_PRECOMPILE_PREFIX_HEADER = YES;
				GCC_PREFIX_HEADER = "MoviePlay/MoviePlay-Prefix.pch";
				INFOPLIST_FILE = "MoviePlay/MoviePlay-Info.plist";
				PRODUCT_NAME = "$(TARGET_NAME)";
				WRAPPER_EXTENSION = app;
			};
			name = Release;
		};
		8C8929521950B642009520F3 /* Debug */ = {
			isa = XCBuildConfiguration;
			buildSettings = {
				BUNDLE_LOADER = "$(BUILT_PRODUCTS_DIR)/MoviePlay.app/MoviePlay";
				FRAMEWORK_SEARCH_PATHS = (
					"$(SDKROOT)/Developer/Library/Frameworks",
					"$(inherited)",
					"$(DEVELOPER_FRAMEWORKS_DIR)",
				);
				GCC_PRECOMPILE_PREFIX_HEADER = YES;
				GCC_PREFIX_HEADER = "MoviePlay/MoviePlay-Prefix.pch";
				GCC_PREPROCESSOR_DEFINITIONS = (
					"DEBUG=1",
					"$(inherited)",
				);
				INFOPLIST_FILE = "MoviePlayTests/MoviePlayTests-Info.plist";
				PRODUCT_NAME = "$(TARGET_NAME)";
				TEST_HOST = "$(BUNDLE_LOADER)";
				WRAPPER_EXTENSION = xctest;
			};
			name = Debug;
		};
		8C8929531950B642009520F3 /* Release */ = {
			isa = XCBuildConfiguration;
			buildSettings = {
				BUNDLE_LOADER = "$(BUILT_PRODUCTS_DIR)/MoviePlay.app/MoviePlay";
				FRAMEWORK_SEARCH_PATHS = (
					"$(SDKROOT)/Developer/Library/Frameworks",
					"$(inherited)",
					"$(DEVELOPER_FRAMEWORKS_DIR)",
				);
				GCC_PRECOMPILE_PREFIX_HEADER = YES;
				GCC_PREFIX_HEADER = "MoviePlay/MoviePlay-Prefix.pch";
				INFOPLIST_FILE = "MoviePlayTests/MoviePlayTests-Info.plist";
				PRODUCT_NAME = "$(TARGET_NAME)";
				TEST_HOST = "$(BUNDLE_LOADER)";
				WRAPPER_EXTENSION = xctest;
			};
			name = Release;
		};
/* End XCBuildConfiguration section */

/* Begin XCConfigurationList section */
		8C8929171950B642009520F3 /* Build configuration list for PBXProject "MoviePlay" */ = {
			isa = XCConfigurationList;
			buildConfigurations = (
				8C89294C1950B642009520F3 /* Debug */,
				8C89294D1950B642009520F3 /* Release */,
			);
			defaultConfigurationIsVisible = 0;
			defaultConfigurationName = Release;
		};
		8C89294E1950B642009520F3 /* Build configuration list for PBXNativeTarget "MoviePlay" */ = {
			isa = XCConfigurationList;
			buildConfigurations = (
				8C89294F1950B642009520F3 /* Debug */,
				8C8929501950B642009520F3 /* Release */,
			);
			defaultConfigurationIsVisible = 0;
		};
		8C8929511950B642009520F3 /* Build configuration list for PBXNativeTarget "MoviePlayTests" */ = {
			isa = XCConfigurationList;
			buildConfigurations = (
				8C8929521950B642009520F3 /* Debug */,
				8C8929531950B642009520F3 /* Release */,
			);
			defaultConfigurationIsVisible = 0;
		};
/* End XCConfigurationList section */
	};
	rootObject = 8C8929141950B642009520F3 /* Project object */;
}
